
Microsoft Visual Studio Solution File, Format Version 12.00
# Visual Studio Version 17
VisualStudioVersion = 17.11.35222.181
MinimumVisualStudioVersion = 10.0.40219.1
Project("{9A19103F-16F7-4668-BE54-9A1E7A4F7556}") = "PlatformService", "PlatformService.csproj", "{18E815A1-C28C-4BCD-A280-925654A7A6D0}"
EndProject
Global
	GlobalSection(SolutionConfigurationPlatforms) = preSolution
		Debug|Any CPU = Debug|Any CPU
		Release|Any CPU = Release|Any CPU
	EndGlobalSection
	GlobalSection(ProjectConfigurationPlatforms) = postSolution
		{18E815A1-C28C-4BCD-A280-925654A7A6D0}.Debug|Any CPU.ActiveCfg = Debug|Any CPU
		{18E815A1-C28C-4BCD-A280-925654A7A6D0}.Debug|Any CPU.Build.0 = Debug|Any CPU
		{18E815A1-C28C-4BCD-A280-925654A7A6D0}.Release|Any CPU.ActiveCfg = Release|Any CPU
		{18E815A1-C28C-4BCD-A280-925654A7A6D0}.Release|Any CPU.Build.0 = Release|Any CPU
	EndGlobalSection
	GlobalSection(SolutionProperties) = preSolution
		HideSolutionNode = FALSE
	EndGlobalSection
	GlobalSection(ExtensibilityGlobals) = postSolution
		SolutionGuid = {99184BE6-03B6-45CA-9766-B95C6D3464A6}
	EndGlobalSection
EndGlobal
